{
  "originHash" : "005ae07d3859d3e2e9cf56e92ff8caafea14cd63214cea06d1a651bbdc13eaef",
  "pins" : [
    {
      "identity" : "swift-syntax",
      "kind" : "remoteSourceControl",
      "location" : "https://github.com/swiftlang/swift-syntax.git",
      "state" : {
        "revision" : "4799286537280063c85a32f09884cfbca301b1a1",
        "version" : "602.0.0"
      }
    },
    {
      "identity" : "swiftchatcompletionsmacros",
      "kind" : "remoteSourceControl",
      "location" : "https://github.com/RichNasz/SwiftChatCompletionsMacros.git",
      "state" : {
        "revision" : "cf43e25d017991e61fa1528e3be14bc40345581c",
        "version" : "0.1.1"
      }
    }
  ],
  "version" : 3
}
